Microsoft Visual Studio Solution File, Format Version 12.00
# Visual Studio Version 16
VisualStudioVersion = 16.0.29609.76
MinimumVisualStudioVersion = 10.0.40219.1
Project("{FAE04EC0-301F-11D3-BF4B-00C04F79EFBC}") = "EspionSpotify", "EspionSpotify\EspionSpotify.csproj", "{A02571B8-7CE5-4865-84F0-87613F895204}"
EndProject
Project("{FAE04EC0-301F-11D3-BF4B-00C04F79EFBC}") = "EspionSpotify.Tests", "EspionSpotify.Tests\EspionSpotify.Tests.csproj", "{9A936C14-6665-48A8-A79D-14347F50E215}"
EndProject
Global
	GlobalSection(SolutionConfigurationPlatforms) = preSolution
		Debug|Any CPU = Debug|Any CPU
		Release|Any CPU = Release|Any CPU
	EndGlobalSection
	GlobalSection(ProjectConfigurationPlatforms) = postSolution
		{A02571B8-7CE5-4865-84F0-87613F895204}.Debug|Any CPU.ActiveCfg = Debug|Any CPU
		{A02571B8-7CE5-4865-84F0-87613F895204}.Debug|Any CPU.Build.0 = Debug|Any CPU
		{A02571B8-7CE5-4865-84F0-87613F895204}.Release|Any CPU.ActiveCfg = Release|Any CPU
		{A02571B8-7CE5-4865-84F0-87613F895204}.Release|Any CPU.Build.0 = Release|Any CPU
		{9A936C14-6665-48A8-A79D-14347F50E215}.Debug|Any CPU.ActiveCfg = Debug|Any CPU
		{9A936C14-6665-48A8-A79D-14347F50E215}.Debug|Any CPU.Build.0 = Debug|Any CPU
		{9A936C14-6665-48A8-A79D-14347F50E215}.Release|Any CPU.ActiveCfg = Release|Any CPU
		{9A936C14-6665-48A8-A79D-14347F50E215}.Release|Any CPU.Build.0 = Release|Any CPU
	EndGlobalSection
	GlobalSection(SolutionProperties) = preSolution
		HideSolutionNode = FALSE
	EndGlobalSection
	GlobalSection(ExtensibilityGlobals) = postSolution
		SolutionGuid = {9853ED7B-8ABA-4853-8C7F-35E528FD136D}
	EndGlobalSection
EndGlobal
